
Microsoft Visual Studio Solution File, Format Version 12.00
# Visual Studio 15
VisualStudioVersion = 15.0.27130.2027
MinimumVisualStudioVersion = 10.0.40219.1
Project("{FAE04EC0-301F-11D3-BF4B-00C04F79EFBC}") = "TS3GameBot", "TS3GameBot\TS3GameBot.csproj", "{3C29BBA4-DB95-4792-BC73-CA43C991D206}"
EndProject
Global
	GlobalSection(SolutionConfigurationPlatforms) = preSolution
		Debug|Any CPU = Debug|Any CPU
		Release|Any CPU = Release|Any CPU
	EndGlobalSection
	GlobalSection(ProjectConfigurationPlatforms) = postSolution
		{3C29BBA4-DB95-4792-BC73-CA43C991D206}.Debug|Any CPU.ActiveCfg = Debug|Any CPU
		{3C29BBA4-DB95-4792-BC73-CA43C991D206}.Debug|Any CPU.Build.0 = Debug|Any CPU
		{3C29BBA4-DB95-4792-BC73-CA43C991D206}.Release|Any CPU.ActiveCfg = Release|Any CPU
		{3C29BBA4-DB95-4792-BC73-CA43C991D206}.Release|Any CPU.Build.0 = Release|Any CPU
	EndGlobalSection
	GlobalSection(SolutionProperties) = preSolution
		HideSolutionNode = FALSE
	EndGlobalSection
	GlobalSection(ExtensibilityGlobals) = postSolution
		SolutionGuid = {CFAC5DDE-5D9D-4C39-9E89-180775D5D06C}
	EndGlobalSection
EndGlobal
